{
  "name": "new-package",
  "version": "1.0.0",
  "lockfileVersion": 2,
  "requires": true,
  "packages": {
    "": {
      "name": "new-package",
      "version": "1.0.0",
      "license": "ISC",
      "dependencies": {
        "greet-evolution": "^1.0.0"
      }
    },
    "node_modules/greet-evolution": {
      "version": "1.0.0",
      "resolved": "https://registry.npmjs.org/greet-evolution/-/greet-evolution-1.0.0.tgz",
      "integrity": "sha512-Oz3ey/3klRIUyHy1cMoNolYWS9w7NeWzuIWdD4G0G8vsMF71oezxGVbEwSROxxrv7mLqHKtmiYPXBZ4A2jlovA==",
      "dependencies": {
        "upper-case": "^2.0.2"
      }
    },
    "node_modules/tslib": {
      "version": "2.5.0",
      "resolved": "https://registry.npmjs.org/tslib/-/tslib-2.5.0.tgz",
      "integrity": "sha512-336iVw3rtn2BUK7ORdIAHTyxHGRIHVReokCR3XjbckJMK7ms8FysBfhLR8IXnAgy7T0PTPNBWKiH514FOW/WSg=="
    },
    "node_modules/upper-case": {
      "version": "2.0.2",
      "resolved": "https://registry.npmjs.org/upper-case/-/upper-case-2.0.2.tgz",
      "integrity": "sha512-KgdgDGJt2TpuwBUIjgG6lzw2GWFRCW9Qkfkiv0DxqHHLYJHmtmdUIKcZd8rHgFSjopVTlw6ggzCm1b8MFQwikg==",
      "dependencies": {
        "tslib": "^2.0.3"
      }
    }
  },
  "dependencies": {
    "greet-evolution": {
      "version": "1.0.0",
      "resolved": "https://registry.npmjs.org/greet-evolution/-/greet-evolution-1.0.0.tgz",
      "integrity": "sha512-Oz3ey/3klRIUyHy1cMoNolYWS9w7NeWzuIWdD4G0G8vsMF71oezxGVbEwSROxxrv7mLqHKtmiYPXBZ4A2jlovA==",
      "requires": {
        "upper-case": "^2.0.2"
      }
    },
    "tslib": {
      "version": "2.5.0",
      "resolved": "https://registry.npmjs.org/tslib/-/tslib-2.5.0.tgz",
      "integrity": "sha512-336iVw3rtn2BUK7ORdIAHTyxHGRIHVReokCR3XjbckJMK7ms8FysBfhLR8IXnAgy7T0PTPNBWKiH514FOW/WSg=="
    },
    "upper-case": {
      "version": "2.0.2",
      "resolved": "https://registry.npmjs.org/upper-case/-/upper-case-2.0.2.tgz",
      "integrity": "sha512-KgdgDGJt2TpuwBUIjgG6lzw2GWFRCW9Qkfkiv0DxqHHLYJHmtmdUIKcZd8rHgFSjopVTlw6ggzCm1b8MFQwikg==",
      "requires": {
        "tslib": "^2.0.3"
      }
    }
  }
}
